
Microsoft Visual Studio Solution File, Format Version 12.00
# Visual Studio 15
VisualStudioVersion = 15.0.27130.2020
MinimumVisualStudioVersion = 10.0.40219.1
Project("{9092AA53-FB77-4645-B42D-1CCCA6BD08BD}") = "AlexaTrendyTweets", "AlexaTrendyTweets\AlexaTrendyTweets.njsproj", "{3F45CE8B-D211-41A5-AC3F-DC3D0E86C988}"
EndProject
Global
	GlobalSection(SolutionConfigurationPlatforms) = preSolution
		Debug|Any CPU = Debug|Any CPU
		Release|Any CPU = Release|Any CPU
	EndGlobalSection
	GlobalSection(ProjectConfigurationPlatforms) = postSolution
		{3F45CE8B-D211-41A5-AC3F-DC3D0E86C988}.Debug|Any CPU.ActiveCfg = Debug|Any CPU
		{3F45CE8B-D211-41A5-AC3F-DC3D0E86C988}.Debug|Any CPU.Build.0 = Debug|Any CPU
		{3F45CE8B-D211-41A5-AC3F-DC3D0E86C988}.Release|Any CPU.ActiveCfg = Release|Any CPU
		{3F45CE8B-D211-41A5-AC3F-DC3D0E86C988}.Release|Any CPU.Build.0 = Release|Any CPU
	EndGlobalSection
	GlobalSection(SolutionProperties) = preSolution
		HideSolutionNode = FALSE
	EndGlobalSection
	GlobalSection(ExtensibilityGlobals) = postSolution
		SolutionGuid = {1333CD7D-4B12-4901-A460-7C79E40A87B7}
	EndGlobalSection
EndGlobal
